
Microsoft Visual Studio Solution File, Format Version 12.00
# Visual Studio 14
VisualStudioVersion = 14.0.23107.0
MinimumVisualStudioVersion = 10.0.40219.1
Project("{FAE04EC0-301F-11D3-BF4B-00C04F79EFBC}") = "GOLDEPUS.Bll", "GOLDEPUS.Bll\GOLDEPUS.Bll.csproj", "{7379EF47-9C94-4D1B-87A9-16423A96C250}"
EndProject
Project("{FAE04EC0-301F-11D3-BF4B-00C04F79EFBC}") = "GOLDEPUS.Entity", "GOLDEPUS.Entity\GOLDEPUS.Entity.csproj", "{31E05A3D-D93C-49AD-A185-F8407807E46F}"
EndProject
Project("{FAE04EC0-301F-11D3-BF4B-00C04F79EFBC}") = "GOLDEPUS.Social", "GOLDEPUS.Social\GOLDEPUS.Social.csproj", "{41BBB1D9-847A-430D-BFB4-49F3B50EE5F8}"
EndProject
Global
	GlobalSection(SolutionConfigurationPlatforms) = preSolution
		Debug|Any CPU = Debug|Any CPU
		Release|Any CPU = Release|Any CPU
	EndGlobalSection
	GlobalSection(ProjectConfigurationPlatforms) = postSolution
		{7379EF47-9C94-4D1B-87A9-16423A96C250}.Debug|Any CPU.ActiveCfg = Debug|Any CPU
		{7379EF47-9C94-4D1B-87A9-16423A96C250}.Debug|Any CPU.Build.0 = Debug|Any CPU
		{7379EF47-9C94-4D1B-87A9-16423A96C250}.Release|Any CPU.ActiveCfg = Release|Any CPU
		{7379EF47-9C94-4D1B-87A9-16423A96C250}.Release|Any CPU.Build.0 = Release|Any CPU
		{31E05A3D-D93C-49AD-A185-F8407807E46F}.Debug|Any CPU.ActiveCfg = Debug|Any CPU
		{31E05A3D-D93C-49AD-A185-F8407807E46F}.Debug|Any CPU.Build.0 = Debug|Any CPU
		{31E05A3D-D93C-49AD-A185-F8407807E46F}.Release|Any CPU.ActiveCfg = Release|Any CPU
		{31E05A3D-D93C-49AD-A185-F8407807E46F}.Release|Any CPU.Build.0 = Release|Any CPU
		{41BBB1D9-847A-430D-BFB4-49F3B50EE5F8}.Debug|Any CPU.ActiveCfg = Debug|Any CPU
		{41BBB1D9-847A-430D-BFB4-49F3B50EE5F8}.Debug|Any CPU.Build.0 = Debug|Any CPU
		{41BBB1D9-847A-430D-BFB4-49F3B50EE5F8}.Release|Any CPU.ActiveCfg = Release|Any CPU
		{41BBB1D9-847A-430D-BFB4-49F3B50EE5F8}.Release|Any CPU.Build.0 = Release|Any CPU
	EndGlobalSection
	GlobalSection(SolutionProperties) = preSolution
		HideSolutionNode = FALSE
	EndGlobalSection
EndGlobal
