
Microsoft Visual Studio Solution File, Format Version 12.00
# Visual Studio 14
VisualStudioVersion = 14.0.23107.0
MinimumVisualStudioVersion = 10.0.40219.1
Project("{FAE04EC0-301F-11D3-BF4B-00C04F79EFBC}") = "HMS", "HMS\HMS.csproj", "{A9844AE0-E383-4154-A422-A5B16AB06967}"
EndProject
Project("{FAE04EC0-301F-11D3-BF4B-00C04F79EFBC}") = "GOLDEPUS.Bll", "..\GOLDEPUS\GOLDEPUS.Bll\GOLDEPUS.Bll.csproj", "{7379EF47-9C94-4D1B-87A9-16423A96C250}"
EndProject
Project("{FAE04EC0-301F-11D3-BF4B-00C04F79EFBC}") = "GOLDEPUS.Entity", "..\GOLDEPUS\GOLDEPUS.Entity\GOLDEPUS.Entity.csproj", "{31E05A3D-D93C-49AD-A185-F8407807E46F}"
EndProject
Project("{FAE04EC0-301F-11D3-BF4B-00C04F79EFBC}") = "GOLDEPUS.Social", "..\GOLDEPUS\GOLDEPUS.Social\GOLDEPUS.Social.csproj", "{41BBB1D9-847A-430D-BFB4-49F3B50EE5F8}"
EndProject
Project("{FAE04EC0-301F-11D3-BF4B-00C04F79EFBC}") = "Aybala.Tool", "..\Aybala.Tool\Aybala.Tool\Aybala.Tool.csproj", "{2B07E9F5-AB5E-49F6-BB36-E94A0653C23D}"
EndProject
Project("{FAE04EC0-301F-11D3-BF4B-00C04F79EFBC}") = "GOLDEPUS.MVC", "..\GOLDEPUS.MVC\GOLDEPUS.MVC.csproj", "{3A3B6B9C-6D48-47C9-9BD6-A2B45DAE2557}"
EndProject
Global
	GlobalSection(SolutionConfigurationPlatforms) = preSolution
		Debug|Any CPU = Debug|Any CPU
		Release|Any CPU = Release|Any CPU
	EndGlobalSection
	GlobalSection(ProjectConfigurationPlatforms) = postSolution
		{A9844AE0-E383-4154-A422-A5B16AB06967}.Debug|Any CPU.ActiveCfg = Debug|Any CPU
		{A9844AE0-E383-4154-A422-A5B16AB06967}.Debug|Any CPU.Build.0 = Debug|Any CPU
		{A9844AE0-E383-4154-A422-A5B16AB06967}.Release|Any CPU.ActiveCfg = Release|Any CPU
		{A9844AE0-E383-4154-A422-A5B16AB06967}.Release|Any CPU.Build.0 = Release|Any CPU
		{7379EF47-9C94-4D1B-87A9-16423A96C250}.Debug|Any CPU.ActiveCfg = Debug|Any CPU
		{7379EF47-9C94-4D1B-87A9-16423A96C250}.Debug|Any CPU.Build.0 = Debug|Any CPU
		{7379EF47-9C94-4D1B-87A9-16423A96C250}.Release|Any CPU.ActiveCfg = Release|Any CPU
		{7379EF47-9C94-4D1B-87A9-16423A96C250}.Release|Any CPU.Build.0 = Release|Any CPU
		{31E05A3D-D93C-49AD-A185-F8407807E46F}.Debug|Any CPU.ActiveCfg = Debug|Any CPU
		{31E05A3D-D93C-49AD-A185-F8407807E46F}.Debug|Any CPU.Build.0 = Debug|Any CPU
		{31E05A3D-D93C-49AD-A185-F8407807E46F}.Release|Any CPU.ActiveCfg = Release|Any CPU
		{31E05A3D-D93C-49AD-A185-F8407807E46F}.Release|Any CPU.Build.0 = Release|Any CPU
		{41BBB1D9-847A-430D-BFB4-49F3B50EE5F8}.Debug|Any CPU.ActiveCfg = Debug|Any CPU
		{41BBB1D9-847A-430D-BFB4-49F3B50EE5F8}.Debug|Any CPU.Build.0 = Debug|Any CPU
		{41BBB1D9-847A-430D-BFB4-49F3B50EE5F8}.Release|Any CPU.ActiveCfg = Release|Any CPU
		{41BBB1D9-847A-430D-BFB4-49F3B50EE5F8}.Release|Any CPU.Build.0 = Release|Any CPU
		{2B07E9F5-AB5E-49F6-BB36-E94A0653C23D}.Debug|Any CPU.ActiveCfg = Debug|Any CPU
		{2B07E9F5-AB5E-49F6-BB36-E94A0653C23D}.Debug|Any CPU.Build.0 = Debug|Any CPU
		{2B07E9F5-AB5E-49F6-BB36-E94A0653C23D}.Release|Any CPU.ActiveCfg = Release|Any CPU
		{2B07E9F5-AB5E-49F6-BB36-E94A0653C23D}.Release|Any CPU.Build.0 = Release|Any CPU
		{3A3B6B9C-6D48-47C9-9BD6-A2B45DAE2557}.Debug|Any CPU.ActiveCfg = Debug|Any CPU
		{3A3B6B9C-6D48-47C9-9BD6-A2B45DAE2557}.Debug|Any CPU.Build.0 = Debug|Any CPU
		{3A3B6B9C-6D48-47C9-9BD6-A2B45DAE2557}.Release|Any CPU.ActiveCfg = Release|Any CPU
		{3A3B6B9C-6D48-47C9-9BD6-A2B45DAE2557}.Release|Any CPU.Build.0 = Release|Any CPU
	EndGlobalSection
	GlobalSection(SolutionProperties) = preSolution
		HideSolutionNode = FALSE
	EndGlobalSection
EndGlobal
