
Microsoft Visual Studio Solution File, Format Version 12.00
# Visual Studio 14
VisualStudioVersion = 14.0.23107.0
MinimumVisualStudioVersion = 10.0.40219.1
Project("{FAE04EC0-301F-11D3-BF4B-00C04F79EFBC}") = "ProjeYapisi", "ProjeYapisi\ProjeYapisi.csproj", "{775951B2-9028-42D4-8606-9C2BC0BEA1F2}"
EndProject
Project("{FAE04EC0-301F-11D3-BF4B-00C04F79EFBC}") = "ProjeYapisi.Dal", "ProjeYapisi.Data\ProjeYapisi.Dal.csproj", "{9970C4C3-7E7A-4672-9724-78DB4D204A1B}"
EndProject
Project("{FAE04EC0-301F-11D3-BF4B-00C04F79EFBC}") = "ProjeYapisi.Entity", "ProjeYapisi.Entity\ProjeYapisi.Entity.csproj", "{ABEA049F-C06C-434F-90A2-E786C8FF646F}"
EndProject
Project("{FAE04EC0-301F-11D3-BF4B-00C04F79EFBC}") = "ProjeYapisi.Bll", "ProjeYapisi.Bll\ProjeYapisi.Bll.csproj", "{48C9C28D-B5E3-43A1-AB47-4BBCF6B7B7EE}"
EndProject
Global
	GlobalSection(SolutionConfigurationPlatforms) = preSolution
		Debug|Any CPU = Debug|Any CPU
		Release|Any CPU = Release|Any CPU
	EndGlobalSection
	GlobalSection(ProjectConfigurationPlatforms) = postSolution
		{775951B2-9028-42D4-8606-9C2BC0BEA1F2}.Debug|Any CPU.ActiveCfg = Debug|Any CPU
		{775951B2-9028-42D4-8606-9C2BC0BEA1F2}.Debug|Any CPU.Build.0 = Debug|Any CPU
		{775951B2-9028-42D4-8606-9C2BC0BEA1F2}.Release|Any CPU.ActiveCfg = Release|Any CPU
		{775951B2-9028-42D4-8606-9C2BC0BEA1F2}.Release|Any CPU.Build.0 = Release|Any CPU
		{9970C4C3-7E7A-4672-9724-78DB4D204A1B}.Debug|Any CPU.ActiveCfg = Debug|Any CPU
		{9970C4C3-7E7A-4672-9724-78DB4D204A1B}.Debug|Any CPU.Build.0 = Debug|Any CPU
		{9970C4C3-7E7A-4672-9724-78DB4D204A1B}.Release|Any CPU.ActiveCfg = Release|Any CPU
		{9970C4C3-7E7A-4672-9724-78DB4D204A1B}.Release|Any CPU.Build.0 = Release|Any CPU
		{ABEA049F-C06C-434F-90A2-E786C8FF646F}.Debug|Any CPU.ActiveCfg = Debug|Any CPU
		{ABEA049F-C06C-434F-90A2-E786C8FF646F}.Debug|Any CPU.Build.0 = Debug|Any CPU
		{ABEA049F-C06C-434F-90A2-E786C8FF646F}.Release|Any CPU.ActiveCfg = Release|Any CPU
		{ABEA049F-C06C-434F-90A2-E786C8FF646F}.Release|Any CPU.Build.0 = Release|Any CPU
		{48C9C28D-B5E3-43A1-AB47-4BBCF6B7B7EE}.Debug|Any CPU.ActiveCfg = Debug|Any CPU
		{48C9C28D-B5E3-43A1-AB47-4BBCF6B7B7EE}.Debug|Any CPU.Build.0 = Debug|Any CPU
		{48C9C28D-B5E3-43A1-AB47-4BBCF6B7B7EE}.Release|Any CPU.ActiveCfg = Release|Any CPU
		{48C9C28D-B5E3-43A1-AB47-4BBCF6B7B7EE}.Release|Any CPU.Build.0 = Release|Any CPU
	EndGlobalSection
	GlobalSection(SolutionProperties) = preSolution
		HideSolutionNode = FALSE
	EndGlobalSection
	GlobalSection(TeamFoundationVersionControl) = preSolution
		SccNumberOfProjects = 5
		SccEnterpriseProvider = {4CA58AB2-18FA-4F8D-95D4-32DDF27D184C}
		SccTeamFoundationServer = https://hacikara.visualstudio.com/defaultcollection
		SccLocalPath0 = .
		SccProjectUniqueName1 = ProjeYapisi.Bll\\ProjeYapisi.Bll.csproj
		SccProjectName1 = ProjeYapisi.Bll
		SccLocalPath1 = ProjeYapisi.Bll
		SccProjectUniqueName2 = ProjeYapisi.Data\\ProjeYapisi.Dal.csproj
		SccProjectName2 = ProjeYapisi.Data
		SccLocalPath2 = ProjeYapisi.Data
		SccProjectUniqueName3 = ProjeYapisi.Entity\\ProjeYapisi.Entity.csproj
		SccProjectName3 = ProjeYapisi.Entity
		SccLocalPath3 = ProjeYapisi.Entity
		SccProjectUniqueName4 = ProjeYapisi\\ProjeYapisi.csproj
		SccProjectName4 = ProjeYapisi
		SccLocalPath4 = ProjeYapisi
	EndGlobalSection
EndGlobal
